<?xml version="1.0" encoding="utf-8"?>
<Project ToolsVersion="4.0" xmlns="http://schemas.microsoft.com/developer/msbuild/2003">
  <ItemGroup>
    <Filter Include="Source Files">
      <UniqueIdentifier>{4FC737F1-C7A5-4376-A066-2A32D752A2FF}</UniqueIdentifier>
      <Extensions>cpp;c;cc;cxx;def;odl;idl;hpj;bat;asm;asmx</Extensions>
    </Filter>
    <Filter Include="Header Files">
      <UniqueIdentifier>{93995380-89BD-4b04-88EB-625FBE52EBFB}</UniqueIdentifier>
      <Extensions>h;hh;hpp;hxx;hm;inl;inc;ipp;xsd</Extensions>
    </Filter>
    <Filter Include="Resource Files">
      <UniqueIdentifier>{67DA6AB6-F800-4c08-8B7A-83BB121AAD01}</UniqueIdentifier>
      <Extensions>rc;ico;cur;bmp;dlg;rc2;rct;bin;rgs;gif;jpg;jpeg;jpe;resx;tiff;tif;png;wav;mfcribbon-ms</Extensions>
    </Filter>
    <Filter Include="BWEM-1.4.1">
      <UniqueIdentifier>{b3c4cfa0-d97d-403d-bec8-22b988a6853f}</UniqueIdentifier>
    </Filter>
  </ItemGroup>
  <ItemGroup>
    <ClCompile Include="BuildOrderQueue.cpp">
      <Filter>Source Files</Filter>
    </ClCompile>
    <ClCompile Include="Common.cpp">
      <Filter>Source Files</Filter>
    </ClCompile>
    <ClCompile Include="ProductionManager.cpp">
      <Filter>Source Files</Filter>
    </ClCompile>
    <ClCompile Include="StrictBuildOrder.cpp">
      <Filter>Source Files</Filter>
    </ClCompile>
    <ClCompile Include="BunkerBoxerModule.cpp">
      <Filter>Source Files</Filter>
    </ClCompile>
    <ClCompile Include="Dll.cpp">
      <Filter>Source Files</Filter>
    </ClCompile>
    <ClCompile Include="Intelligence.cpp">
      <Filter>Source Files</Filter>
    </ClCompile>
    <ClCompile Include="BWEM-1.4.1\src\area.cpp">
      <Filter>BWEM-1.4.1</Filter>
    </ClCompile>
    <ClCompile Include="BWEM-1.4.1\src\base.cpp">
      <Filter>BWEM-1.4.1</Filter>
    </ClCompile>
    <ClCompile Include="BWEM-1.4.1\src\bwapiExt.cpp">
      <Filter>BWEM-1.4.1</Filter>
    </ClCompile>
    <ClCompile Include="BWEM-1.4.1\src\bwem.cpp">
      <Filter>BWEM-1.4.1</Filter>
    </ClCompile>
    <ClCompile Include="BWEM-1.4.1\src\cp.cpp">
      <Filter>BWEM-1.4.1</Filter>
    </ClCompile>
    <ClCompile Include="BWEM-1.4.1\src\examples.cpp">
      <Filter>BWEM-1.4.1</Filter>
    </ClCompile>
    <ClCompile Include="BWEM-1.4.1\src\exampleWall.cpp">
      <Filter>BWEM-1.4.1</Filter>
    </ClCompile>
    <ClCompile Include="BWEM-1.4.1\src\graph.cpp">
      <Filter>BWEM-1.4.1</Filter>
    </ClCompile>
    <ClCompile Include="BWEM-1.4.1\src\gridMap.cpp">
      <Filter>BWEM-1.4.1</Filter>
    </ClCompile>
    <ClCompile Include="BWEM-1.4.1\src\map.cpp">
      <Filter>BWEM-1.4.1</Filter>
    </ClCompile>
    <ClCompile Include="BWEM-1.4.1\src\mapDrawer.cpp">
      <Filter>BWEM-1.4.1</Filter>
    </ClCompile>
    <ClCompile Include="BWEM-1.4.1\src\mapImpl.cpp">
      <Filter>BWEM-1.4.1</Filter>
    </ClCompile>
    <ClCompile Include="BWEM-1.4.1\src\mapPrinter.cpp">
      <Filter>BWEM-1.4.1</Filter>
    </ClCompile>
    <ClCompile Include="BWEM-1.4.1\src\neutral.cpp">
      <Filter>BWEM-1.4.1</Filter>
    </ClCompile>
    <ClCompile Include="BWEM-1.4.1\src\tiles.cpp">
      <Filter>BWEM-1.4.1</Filter>
    </ClCompile>
    <ClCompile Include="BWEM-1.4.1\src\utils.cpp">
      <Filter>BWEM-1.4.1</Filter>
    </ClCompile>
    <ClCompile Include="BWEM-1.4.1\src\winutils.cpp">
      <Filter>BWEM-1.4.1</Filter>
    </ClCompile>
    <ClCompile Include="BWEM-1.4.1\EasyBMP_1.06\EasyBMP.cpp">
      <Filter>BWEM-1.4.1</Filter>
    </ClCompile>
    <ClCompile Include="Recon.cpp">
      <Filter>Source Files</Filter>
    </ClCompile>
  </ItemGroup>
  <ItemGroup>
    <ClInclude Include="BuildOrderQueue.h">
      <Filter>Header Files</Filter>
    </ClInclude>
    <ClInclude Include="Common.h">
      <Filter>Header Files</Filter>
    </ClInclude>
    <ClInclude Include="MetaType.h">
      <Filter>Header Files</Filter>
    </ClInclude>
    <ClInclude Include="ProductionManager.h">
      <Filter>Header Files</Filter>
    </ClInclude>
    <ClInclude Include="StrictBuildOrder.h">
      <Filter>Header Files</Filter>
    </ClInclude>
    <ClInclude Include="BunkerBoxerModule.h">
      <Filter>Header Files</Filter>
    </ClInclude>
    <ClInclude Include="Intelligence.h">
      <Filter>Header Files</Filter>
    </ClInclude>
    <ClInclude Include="BWEM-1.4.1\src\area.h">
      <Filter>BWEM-1.4.1</Filter>
    </ClInclude>
    <ClInclude Include="BWEM-1.4.1\src\base.h">
      <Filter>BWEM-1.4.1</Filter>
    </ClInclude>
    <ClInclude Include="BWEM-1.4.1\src\bwapiExt.h">
      <Filter>BWEM-1.4.1</Filter>
    </ClInclude>
    <ClInclude Include="BWEM-1.4.1\src\bwem.h">
      <Filter>BWEM-1.4.1</Filter>
    </ClInclude>
    <ClInclude Include="BWEM-1.4.1\src\cp.h">
      <Filter>BWEM-1.4.1</Filter>
    </ClInclude>
    <ClInclude Include="BWEM-1.4.1\src\defs.h">
      <Filter>BWEM-1.4.1</Filter>
    </ClInclude>
    <ClInclude Include="BWEM-1.4.1\src\examples.h">
      <Filter>BWEM-1.4.1</Filter>
    </ClInclude>
    <ClInclude Include="BWEM-1.4.1\src\exampleWall.h">
      <Filter>BWEM-1.4.1</Filter>
    </ClInclude>
    <ClInclude Include="BWEM-1.4.1\src\graph.h">
      <Filter>BWEM-1.4.1</Filter>
    </ClInclude>
    <ClInclude Include="BWEM-1.4.1\src\gridMap.h">
      <Filter>BWEM-1.4.1</Filter>
    </ClInclude>
    <ClInclude Include="BWEM-1.4.1\src\map.h">
      <Filter>BWEM-1.4.1</Filter>
    </ClInclude>
    <ClInclude Include="BWEM-1.4.1\src\mapDrawer.h">
      <Filter>BWEM-1.4.1</Filter>
    </ClInclude>
    <ClInclude Include="BWEM-1.4.1\src\mapImpl.h">
      <Filter>BWEM-1.4.1</Filter>
    </ClInclude>
    <ClInclude Include="BWEM-1.4.1\src\mapPrinter.h">
      <Filter>BWEM-1.4.1</Filter>
    </ClInclude>
    <ClInclude Include="BWEM-1.4.1\src\neutral.h">
      <Filter>BWEM-1.4.1</Filter>
    </ClInclude>
    <ClInclude Include="BWEM-1.4.1\src\tiles.h">
      <Filter>BWEM-1.4.1</Filter>
    </ClInclude>
    <ClInclude Include="BWEM-1.4.1\src\utils.h">
      <Filter>BWEM-1.4.1</Filter>
    </ClInclude>
    <ClInclude Include="BWEM-1.4.1\src\winutils.h">
      <Filter>BWEM-1.4.1</Filter>
    </ClInclude>
    <ClInclude Include="BWEM-1.4.1\EasyBMP_1.06\EasyBMP.h">
      <Filter>BWEM-1.4.1</Filter>
    </ClInclude>
    <ClInclude Include="Recon.h">
      <Filter>Header Files</Filter>
    </ClInclude>
  </ItemGroup>
  <ItemGroup>
    <None Include="strategy.md" />
  </ItemGroup>
  <ItemGroup>
    <Image Include="structure.png">
      <Filter>Resource Files</Filter>
    </Image>
  </ItemGroup>
</Project>